
Microsoft Visual Studio Solution File, Format Version 12.00
# Visual Studio Version 17
VisualStudioVersion = 17.0.31903.59
MinimumVisualStudioVersion = 10.0.40219.1
Project("{2150E333-8FDC-42A3-9474-1A3956D46DE8}") = "migrations", "migrations", "{9FB3E39B-B5E8-4397-85AD-04A0656D81A0}"
EndProject
Project("{FAE04EC0-301F-11D3-BF4B-00C04F79EFBC}") = "DbMigrations", "migrations\DbMigrations\DbMigrations.csproj", "{96EF350A-426E-4FDC-BFD9-A2F16444C007}"
EndProject
Project("{2150E333-8FDC-42A3-9474-1A3956D46DE8}") = "src", "src", "{481ED3CF-E34F-4882-A694-6F27E81F0452}"
EndProject
Project("{FAE04EC0-301F-11D3-BF4B-00C04F79EFBC}") = "Core", "src\Core\Core.csproj", "{1444B838-FD51-49BF-A569-3783CB1AADB3}"
EndProject
Project("{2150E333-8FDC-42A3-9474-1A3956D46DE8}") = "tests", "tests", "{7D32B72E-2F22-41A5-B53D-99AF00D031F1}"
EndProject
Project("{FAE04EC0-301F-11D3-BF4B-00C04F79EFBC}") = "Tests", "tests\Tests\Tests.csproj", "{454034D8-28AF-4C74-A90F-E3A5EF4D91FC}"
EndProject
Project("{F2A71F9B-5D33-465A-A702-920D77279786}") = "DbMigrationsFs", "migrations\DbMigrationsFs\DbMigrationsFs.fsproj", "{9D72E96C-05B2-4A97-A36F-9238F536E030}"
EndProject
Project("{F2A71F9B-5D33-465A-A702-920D77279786}") = "CoreFs", "src\CoreFs\CoreFs.fsproj", "{D6398D28-DC05-4F2E-A509-BC9259C1034F}"
EndProject
Project("{F2A71F9B-5D33-465A-A702-920D77279786}") = "TestsFs", "tests\TestsFs\TestsFs.fsproj", "{3143A99E-B182-4B55-A84C-E82BF08B3F77}"
EndProject
Global
	GlobalSection(SolutionConfigurationPlatforms) = preSolution
		Debug|Any CPU = Debug|Any CPU
		Release|Any CPU = Release|Any CPU
	EndGlobalSection
	GlobalSection(SolutionProperties) = preSolution
		HideSolutionNode = FALSE
	EndGlobalSection
	GlobalSection(ProjectConfigurationPlatforms) = postSolution
		{96EF350A-426E-4FDC-BFD9-A2F16444C007}.Debug|Any CPU.ActiveCfg = Debug|Any CPU
		{96EF350A-426E-4FDC-BFD9-A2F16444C007}.Debug|Any CPU.Build.0 = Debug|Any CPU
		{96EF350A-426E-4FDC-BFD9-A2F16444C007}.Release|Any CPU.ActiveCfg = Release|Any CPU
		{96EF350A-426E-4FDC-BFD9-A2F16444C007}.Release|Any CPU.Build.0 = Release|Any CPU
		{1444B838-FD51-49BF-A569-3783CB1AADB3}.Debug|Any CPU.ActiveCfg = Debug|Any CPU
		{1444B838-FD51-49BF-A569-3783CB1AADB3}.Debug|Any CPU.Build.0 = Debug|Any CPU
		{1444B838-FD51-49BF-A569-3783CB1AADB3}.Release|Any CPU.ActiveCfg = Release|Any CPU
		{1444B838-FD51-49BF-A569-3783CB1AADB3}.Release|Any CPU.Build.0 = Release|Any CPU
		{454034D8-28AF-4C74-A90F-E3A5EF4D91FC}.Debug|Any CPU.ActiveCfg = Debug|Any CPU
		{454034D8-28AF-4C74-A90F-E3A5EF4D91FC}.Debug|Any CPU.Build.0 = Debug|Any CPU
		{454034D8-28AF-4C74-A90F-E3A5EF4D91FC}.Release|Any CPU.ActiveCfg = Release|Any CPU
		{454034D8-28AF-4C74-A90F-E3A5EF4D91FC}.Release|Any CPU.Build.0 = Release|Any CPU
		{9D72E96C-05B2-4A97-A36F-9238F536E030}.Debug|Any CPU.ActiveCfg = Debug|Any CPU
		{9D72E96C-05B2-4A97-A36F-9238F536E030}.Debug|Any CPU.Build.0 = Debug|Any CPU
		{9D72E96C-05B2-4A97-A36F-9238F536E030}.Release|Any CPU.ActiveCfg = Release|Any CPU
		{9D72E96C-05B2-4A97-A36F-9238F536E030}.Release|Any CPU.Build.0 = Release|Any CPU
		{D6398D28-DC05-4F2E-A509-BC9259C1034F}.Debug|Any CPU.ActiveCfg = Debug|Any CPU
		{D6398D28-DC05-4F2E-A509-BC9259C1034F}.Debug|Any CPU.Build.0 = Debug|Any CPU
		{D6398D28-DC05-4F2E-A509-BC9259C1034F}.Release|Any CPU.ActiveCfg = Release|Any CPU
		{D6398D28-DC05-4F2E-A509-BC9259C1034F}.Release|Any CPU.Build.0 = Release|Any CPU
		{3143A99E-B182-4B55-A84C-E82BF08B3F77}.Debug|Any CPU.ActiveCfg = Debug|Any CPU
		{3143A99E-B182-4B55-A84C-E82BF08B3F77}.Debug|Any CPU.Build.0 = Debug|Any CPU
		{3143A99E-B182-4B55-A84C-E82BF08B3F77}.Release|Any CPU.ActiveCfg = Release|Any CPU
		{3143A99E-B182-4B55-A84C-E82BF08B3F77}.Release|Any CPU.Build.0 = Release|Any CPU
	EndGlobalSection
	GlobalSection(NestedProjects) = preSolution
		{96EF350A-426E-4FDC-BFD9-A2F16444C007} = {9FB3E39B-B5E8-4397-85AD-04A0656D81A0}
		{1444B838-FD51-49BF-A569-3783CB1AADB3} = {481ED3CF-E34F-4882-A694-6F27E81F0452}
		{454034D8-28AF-4C74-A90F-E3A5EF4D91FC} = {7D32B72E-2F22-41A5-B53D-99AF00D031F1}
		{9D72E96C-05B2-4A97-A36F-9238F536E030} = {9FB3E39B-B5E8-4397-85AD-04A0656D81A0}
		{D6398D28-DC05-4F2E-A509-BC9259C1034F} = {481ED3CF-E34F-4882-A694-6F27E81F0452}
		{3143A99E-B182-4B55-A84C-E82BF08B3F77} = {7D32B72E-2F22-41A5-B53D-99AF00D031F1}
	EndGlobalSection
EndGlobal
